
Microsoft Visual Studio Solution File, Format Version 12.00
# Visual Studio 15
VisualStudioVersion = 15.0.27130.0
MinimumVisualStudioVersion = 10.0.40219.1
Project("{FAE04EC0-301F-11D3-BF4B-00C04F79EFBC}") = "KursWalut", "KursWalut\KursWalut.csproj", "{8FAB4A65-0E6A-4FF6-838F-06D105C25CCE}"
EndProject
Global
	GlobalSection(SolutionConfigurationPlatforms) = preSolution
		Debug|Any CPU = Debug|Any CPU
		Release|Any CPU = Release|Any CPU
	EndGlobalSection
	GlobalSection(ProjectConfigurationPlatforms) = postSolution
		{8FAB4A65-0E6A-4FF6-838F-06D105C25CCE}.Debug|Any CPU.ActiveCfg = Debug|Any CPU
		{8FAB4A65-0E6A-4FF6-838F-06D105C25CCE}.Debug|Any CPU.Build.0 = Debug|Any CPU
		{8FAB4A65-0E6A-4FF6-838F-06D105C25CCE}.Release|Any CPU.ActiveCfg = Release|Any CPU
		{8FAB4A65-0E6A-4FF6-838F-06D105C25CCE}.Release|Any CPU.Build.0 = Release|Any CPU
	EndGlobalSection
	GlobalSection(SolutionProperties) = preSolution
		HideSolutionNode = FALSE
	EndGlobalSection
	GlobalSection(ExtensibilityGlobals) = postSolution
		SolutionGuid = {A185F264-F058-4B14-8DB5-B7DF2702DE3C}
	EndGlobalSection
EndGlobal
